# This file is automatically @generated by Cargo.
# It is not intended for manual editing.
version = 4

[[package]]
name = "loin"
version = "0.1.0"
dependencies = [
 "openbim-loin",
]

[[package]]
name = "openbim-core"
version = "0.1.0"
source = "registry+https://github.com/rust-lang/crates.io-index"
checksum = "34c684331685f7678a2766f3990cca967b3053a6e75ea1523e3e8449ec07217c"

[[package]]
name = "openbim-loin"
version = "0.1.0"
dependencies = [
 "openbim-core",
]
