# This file is automatically @generated by Cargo.
# It is not intended for manual editing.
version = 4

[[package]]
name = "cfg-if"
version = "1.0.4"
source = "registry+https://github.com/rust-lang/crates.io-index"
checksum = "9330f8b2ff13f34540b44e946ef35111825727b38d33286ef986142615121801"

[[package]]
name = "getrandom"
version = "0.2.17"
source = "registry+https://github.com/rust-lang/crates.io-index"
checksum = "ff2abc00be7fca6ebc474524697ae276ad847ad0a6b3faa4bcb027e9a4614ad0"
dependencies = [
 "cfg-if",
 "libc",
 "wasi",
]

[[package]]
name = "libc"
version = "0.2.189"
source = "registry+https://github.com/rust-lang/crates.io-index"
checksum = "3eaf3ede3fee6db1a4c2ee091bf8a8b4dccdc6d17f656fb07896ee72867612f2"

[[package]]
name = "loin"
version = "0.3.2"
dependencies = [
 "openbim-loin",
]

[[package]]
name = "memchr"
version = "2.8.3"
source = "registry+https://github.com/rust-lang/crates.io-index"
checksum = "cf8baf1c55e62ffcace7a9f06f4bd9cd3f0c4beb022d3b367256b91b87513d98"

[[package]]
name = "openbim-dt"
version = "0.2.0"
source = "registry+https://github.com/rust-lang/crates.io-index"
checksum = "304462c15cd6282f7f5a579125514fa973d9245774a37625b780395324a88ece"
dependencies = [
 "getrandom",
 "quick-xml",
 "roxmltree",
]

[[package]]
name = "openbim-loin"
version = "0.3.2"
dependencies = [
 "openbim-dt",
 "quick-xml",
 "roxmltree",
]

[[package]]
name = "quick-xml"
version = "0.41.0"
source = "registry+https://github.com/rust-lang/crates.io-index"
checksum = "e660451e55124f798a69a5af3f49ccfbefbd41910eefd25caf2393e1f3473ec1"
dependencies = [
 "memchr",
]

[[package]]
name = "roxmltree"
version = "0.21.1"
source = "registry+https://github.com/rust-lang/crates.io-index"
checksum = "f1964b10c76125c36f8afe190065a4bf9a87bf324842c05701330bba9f1cacbb"
dependencies = [
 "memchr",
]

[[package]]
name = "wasi"
version = "0.11.1+wasi-snapshot-preview1"
source = "registry+https://github.com/rust-lang/crates.io-index"
checksum = "ccf3ec651a847eb01de73ccad15eb7d99f80485de043efb2f370cd654f4ea44b"
